
Microsoft Visual Studio Solution File, Format Version 12.00
# Visual Studio 15
VisualStudioVersion = 15.0.27428.2015
MinimumVisualStudioVersion = 10.0.40219.1
Project("{FAE04EC0-301F-11D3-BF4B-00C04F79EFBC}") = "TapeEquilibrium", "TapeEquilibrium\TapeEquilibrium.csproj", "{694C166F-F4A4-4304-BE01-AFA295BC94BD}"
EndProject
Global
	GlobalSection(SolutionConfigurationPlatforms) = preSolution
		Debug|Any CPU = Debug|Any CPU
		Release|Any CPU = Release|Any CPU
	EndGlobalSection
	GlobalSection(ProjectConfigurationPlatforms) = postSolution
		{694C166F-F4A4-4304-BE01-AFA295BC94BD}.Debug|Any CPU.ActiveCfg = Debug|Any CPU
		{694C166F-F4A4-4304-BE01-AFA295BC94BD}.Debug|Any CPU.Build.0 = Debug|Any CPU
		{694C166F-F4A4-4304-BE01-AFA295BC94BD}.Release|Any CPU.ActiveCfg = Release|Any CPU
		{694C166F-F4A4-4304-BE01-AFA295BC94BD}.Release|Any CPU.Build.0 = Release|Any CPU
	EndGlobalSection
	GlobalSection(SolutionProperties) = preSolution
		HideSolutionNode = FALSE
	EndGlobalSection
	GlobalSection(ExtensibilityGlobals) = postSolution
		SolutionGuid = {628AD38D-84C2-4E6E-9A4B-57B87D7BFB3C}
	EndGlobalSection
EndGlobal
